// !$*UTF8*$!
{
	archiveVersion = 1;
	classes = {
	};
	objectVersion = 50;
	objects = {

/* Begin PBXBuildFile section */
		132796C02120D067004CA30B /* AppDelegate.swift in Sources */ = {isa = PBXBuildFile; fileRef = 132796BF2120D067004CA30B /* AppDelegate.swift */; };
		132796C22120D067004CA30B /* ViewController.swift in Sources */ = {isa = PBXBuildFile; fileRef = 132796C12120D067004CA30B /* ViewController.swift */; };
		132796C52120D067004CA30B /* Main.storyboard in Resources */ = {isa = PBXBuildFile; fileRef = 132796C32120D067004CA30B /* Main.storyboard */; };
		132796C72120D068004CA30B /* Assets.xcassets in Resources */ = {isa = PBXBuildFile; fileRef = 132796C62120D068004CA30B /* Assets.xcassets */; };
		132796CA2120D068004CA30B /* LaunchScreen.storyboard in Resources */ = {isa = PBXBuildFile; fileRef = 132796C82120D068004CA30B /* LaunchScreen.storyboard */; };
		132796D92120D174004CA30B /* CoreDataManager.swift in Sources */ = {isa = PBXBuildFile; fileRef = 132796D82120D174004CA30B /* CoreDataManager.swift */; };
		132796DD2120DB40004CA30B /* Notes.xcdatamodeld in Sources */ = {isa = PBXBuildFile; fileRef = 132796DB2120DB40004CA30B /* Notes.xcdatamodeld */; };
/* End PBXBuildFile section */

/* Begin PBXFileReference section */
		132796BC2120D067004CA30B /* ios-coredata-notes.app */ = {isa = PBXFileReference; explicitFileType = wrapper.application; includeInIndex = 0; path = "ios-coredata-notes.app"; sourceTree = BUILT_PRODUCTS_DIR; };
		132796BF2120D067004CA30B /* AppDelegate.swift */ = {isa = PBXFileReference; lastKnownFileType = sourcecode.swift; path = AppDelegate.swift; sourceTree = "<group>"; };
		132796C12120D067004CA30B /* ViewController.swift */ = {isa = PBXFileReference; lastKnownFileType = sourcecode.swift; path = ViewController.swift; sourceTree = "<group>"; };
		132796C42120D067004CA30B /* Base */ = {isa = PBXFileReference; lastKnownFileType = file.storyboard; name = Base; path = Base.lproj/Main.storyboard; sourceTree = "<group>"; };
		132796C62120D068004CA30B /* Assets.xcassets */ = {isa = PBXFileReference; lastKnownFileType = folder.assetcatalog; path = Assets.xcassets; sourceTree = "<group>"; };
		132796C92120D068004CA30B /* Base */ = {isa = PBXFileReference; lastKnownFileType = file.storyboard; name = Base; path = Base.lproj/LaunchScreen.storyboard; sourceTree = "<group>"; };
		132796CB2120D068004CA30B /* Info.plist */ = {isa = PBXFileReference; lastKnownFileType = text.plist.xml; path = Info.plist; sourceTree = "<group>"; };
		132796D82120D174004CA30B /* CoreDataManager.swift */ = {isa = PBXFileReference; lastKnownFileType = sourcecode.swift; path = CoreDataManager.swift; sourceTree = "<group>"; };
		132796DC2120DB40004CA30B /* Notes.xcdatamodel */ = {isa = PBXFileReference; lastKnownFileType = wrapper.xcdatamodel; path = Notes.xcdatamodel; sourceTree = "<group>"; };
/* End PBXFileReference section */

/* Begin PBXFrameworksBuildPhase section */
		132796B92120D067004CA30B /* Frameworks */ = {
			isa = PBXFrameworksBuildPhase;
			buildActionMask = 2147483647;
			files = (
			);
			runOnlyForDeploymentPostprocessing = 0;
		};
/* End PBXFrameworksBuildPhase section */

/* Begin PBXGroup section */
		132796B32120D067004CA30B = {
			isa = PBXGroup;
			children = (
				132796BE2120D067004CA30B /* ios-coredata-notes */,
				132796BD2120D067004CA30B /* Products */,
			);
			sourceTree = "<group>";
		};
		132796BD2120D067004CA30B /* Products */ = {
			isa = PBXGroup;
			children = (
				132796BC2120D067004CA30B /* ios-coredata-notes.app */,
			);
			name = Products;
			sourceTree = "<group>";
		};
		132796BE2120D067004CA30B /* ios-coredata-notes */ = {
			isa = PBXGroup;
			children = (
				132796D12120D0B7004CA30B /* Application Delegate */,
				132796D22120D0C5004CA30B /* View Controllers */,
				132796D42120D0DD004CA30B /* Storyboards */,
				132796D52120D0E8004CA30B /* Resources */,
				132796D72120D143004CA30B /* Managers */,
				132796DA2120DB1B004CA30B /* Core Data */,
				132796D62120D0F2004CA30B /* Supporting Files */,
			);
			path = "ios-coredata-notes";
			sourceTree = "<group>";
		};
		132796D12120D0B7004CA30B /* Application Delegate */ = {
			isa = PBXGroup;
			children = (
				132796BF2120D067004CA30B /* AppDelegate.swift */,
			);
			path = "Application Delegate";
			sourceTree = "<group>";
		};
		132796D22120D0C5004CA30B /* View Controllers */ = {
			isa = PBXGroup;
			children = (
				132796D32120D0CE004CA30B /* Root View Controller */,
			);
			path = "View Controllers";
			sourceTree = "<group>";
		};
		132796D32120D0CE004CA30B /* Root View Controller */ = {
			isa = PBXGroup;
			children = (
				132796C12120D067004CA30B /* ViewController.swift */,
			);
			path = "Root View Controller";
			sourceTree = "<group>";
		};
		132796D42120D0DD004CA30B /* Storyboards */ = {
			isa = PBXGroup;
			children = (
				132796C32120D067004CA30B /* Main.storyboard */,
				132796C82120D068004CA30B /* LaunchScreen.storyboard */,
			);
			path = Storyboards;
			sourceTree = "<group>";
		};
		132796D52120D0E8004CA30B /* Resources */ = {
			isa = PBXGroup;
			children = (
				132796C62120D068004CA30B /* Assets.xcassets */,
			);
			path = Resources;
			sourceTree = "<group>";
		};
		132796D62120D0F2004CA30B /* Supporting Files */ = {
			isa = PBXGroup;
			children = (
				132796CB2120D068004CA30B /* Info.plist */,
			);
			path = "Supporting Files";
			sourceTree = "<group>";
		};
		132796D72120D143004CA30B /* Managers */ = {
			isa = PBXGroup;
			children = (
				132796D82120D174004CA30B /* CoreDataManager.swift */,
			);
			path = Managers;
			sourceTree = "<group>";
		};
		132796DA2120DB1B004CA30B /* Core Data */ = {
			isa = PBXGroup;
			children = (
				132796DB2120DB40004CA30B /* Notes.xcdatamodeld */,
			);
			path = "Core Data";
			sourceTree = "<group>";
		};
/* End PBXGroup section */

/* Begin PBXNativeTarget section */
		132796BB2120D067004CA30B /* ios-coredata-notes */ = {
			isa = PBXNativeTarget;
			buildConfigurationList = 132796CE2120D068004CA30B /* Build configuration list for PBXNativeTarget "ios-coredata-notes" */;
			buildPhases = (
				132796B82120D067004CA30B /* Sources */,
				132796B92120D067004CA30B /* Frameworks */,
				132796BA2120D067004CA30B /* Resources */,
			);
			buildRules = (
			);
			dependencies = (
			);
			name = "ios-coredata-notes";
			productName = "ios-coredata-notes";
			productReference = 132796BC2120D067004CA30B /* ios-coredata-notes.app */;
			productType = "com.apple.product-type.application";
		};
/* End PBXNativeTarget section */

/* Begin PBXProject section */
		132796B42120D067004CA30B /* Project object */ = {
			isa = PBXProject;
			attributes = {
				LastSwiftUpdateCheck = 1000;
				LastUpgradeCheck = 1000;
				ORGANIZATIONNAME = Conner;
				TargetAttributes = {
					132796BB2120D067004CA30B = {
						CreatedOnToolsVersion = 10.0;
					};
				};
			};
			buildConfigurationList = 132796B72120D067004CA30B /* Build configuration list for PBXProject "ios-coredata-notes" */;
			compatibilityVersion = "Xcode 9.3";
			developmentRegion = en;
			hasScannedForEncodings = 0;
			knownRegions = (
				en,
				Base,
			);
			mainGroup = 132796B32120D067004CA30B;
			productRefGroup = 132796BD2120D067004CA30B /* Products */;
			projectDirPath = "";
			projectRoot = "";
			targets = (
				132796BB2120D067004CA30B /* ios-coredata-notes */,
			);
		};
/* End PBXProject section */

/* Begin PBXResourcesBuildPhase section */
		132796BA2120D067004CA30B /* Resources */ = {
			isa = PBXResourcesBuildPhase;
			buildActionMask = 2147483647;
			files = (
				132796CA2120D068004CA30B /* LaunchScreen.storyboard in Resources */,
				132796C72120D068004CA30B /* Assets.xcassets in Resources */,
				132796C52120D067004CA30B /* Main.storyboard in Resources */,
			);
			runOnlyForDeploymentPostprocessing = 0;
		};
/* End PBXResourcesBuildPhase section */

/* Begin PBXSourcesBuildPhase section */
		132796B82120D067004CA30B /* Sources */ = {
			isa = PBXSourcesBuildPhase;
			buildActionMask = 2147483647;
			files = (
				132796D92120D174004CA30B /* CoreDataManager.swift in Sources */,
				132796C22120D067004CA30B /* ViewController.swift in Sources */,
				132796C02120D067004CA30B /* AppDelegate.swift in Sources */,
				132796DD2120DB40004CA30B /* Notes.xcdatamodeld in Sources */,
			);
			runOnlyForDeploymentPostprocessing = 0;
		};
/* End PBXSourcesBuildPhase section */

/* Begin PBXVariantGroup section */
		132796C32120D067004CA30B /* Main.storyboard */ = {
			isa = PBXVariantGroup;
			children = (
				132796C42120D067004CA30B /* Base */,
			);
			name = Main.storyboard;
			sourceTree = "<group>";
		};
		132796C82120D068004CA30B /* LaunchScreen.storyboard */ = {
			isa = PBXVariantGroup;
			children = (
				132796C92120D068004CA30B /* Base */,
			);
			name = LaunchScreen.storyboard;
			sourceTree = "<group>";
		};
/* End PBXVariantGroup section */

/* Begin XCBuildConfiguration section */
		132796CC2120D068004CA30B /* Debug */ = {
			isa = XCBuildConfiguration;
			buildSettings = {
				ALWAYS_SEARCH_USER_PATHS = NO;
				CLANG_ANALYZER_NONNULL = YES;
				CLANG_ANALYZER_NUMBER_OBJECT_CONVERSION = YES_AGGRESSIVE;
				CLANG_CXX_LANGUAGE_STANDARD = "gnu++14";
				CLANG_CXX_LIBRARY = "libc++";
				CLANG_ENABLE_MODULES = YES;
				CLANG_ENABLE_OBJC_ARC = YES;
				CLANG_ENABLE_OBJC_WEAK = YES;
				CLANG_WARN_BLOCK_CAPTURE_AUTORELEASING = YES;
				CLANG_WARN_BOOL_CONVERSION = YES;
				CLANG_WARN_COMMA = YES;
				CLANG_WARN_CONSTANT_CONVERSION = YES;
				CLANG_WARN_DEPRECATED_OBJC_IMPLEMENTATIONS = YES;
				CLANG_WARN_DIRECT_OBJC_ISA_USAGE = YES_ERROR;
				CLANG_WARN_DOCUMENTATION_COMMENTS = YES;
				CLANG_WARN_EMPTY_BODY = YES;
				CLANG_WARN_ENUM_CONVERSION = YES;
				CLANG_WARN_INFINITE_RECURSION = YES;
				CLANG_WARN_INT_CONVERSION = YES;
				CLANG_WARN_NON_LITERAL_NULL_CONVERSION = YES;
				CLANG_WARN_OBJC_IMPLICIT_RETAIN_SELF = YES;
				CLANG_WARN_OBJC_LITERAL_CONVERSION = YES;
				CLANG_WARN_OBJC_ROOT_CLASS = YES_ERROR;
				CLANG_WARN_RANGE_LOOP_ANALYSIS = YES;
				CLANG_WARN_STRICT_PROTOTYPES = YES;
				CLANG_WARN_SUSPICIOUS_MOVE = YES;
				CLANG_WARN_UNGUARDED_AVAILABILITY = YES_AGGRESSIVE;
				CLANG_WARN_UNREACHABLE_CODE = YES;
				CLANG_WARN__DUPLICATE_METHOD_MATCH = YES;
				CODE_SIGN_IDENTITY = "iPhone Developer";
				COPY_PHASE_STRIP = NO;
				DEBUG_INFORMATION_FORMAT = dwarf;
				ENABLE_STRICT_OBJC_MSGSEND = YES;
				ENABLE_TESTABILITY = YES;
				GCC_C_LANGUAGE_STANDARD = gnu11;
				GCC_DYNAMIC_NO_PIC = NO;
				GCC_NO_COMMON_BLOCKS = YES;
				GCC_OPTIMIZATION_LEVEL = 0;
				GCC_PREPROCESSOR_DEFINITIONS = (
					"DEBUG=1",
					"$(inherited)",
				);
				GCC_WARN_64_TO_32_BIT_CONVERSION = YES;
				GCC_WARN_ABOUT_RETURN_TYPE = YES_ERROR;
				GCC_WARN_UNDECLARED_SELECTOR = YES;
				GCC_WARN_UNINITIALIZED_AUTOS = YES_AGGRESSIVE;
				GCC_WARN_UNUSED_FUNCTION = YES;
				GCC_WARN_UNUSED_VARIABLE = YES;
				IPHONEOS_DEPLOYMENT_TARGET = 11.4;
				MTL_ENABLE_DEBUG_INFO = INCLUDE_SOURCE;
				MTL_FAST_MATH = YES;
				ONLY_ACTIVE_ARCH = YES;
				SDKROOT = iphoneos;
				SWIFT_ACTIVE_COMPILATION_CONDITIONS = DEBUG;
				SWIFT_OPTIMIZATION_LEVEL = "-Onone";
			};
			name = Debug;
		};
		132796CD2120D068004CA30B /* Release */ = {
			isa = XCBuildConfiguration;
			buildSettings = {
				ALWAYS_SEARCH_USER_PATHS = NO;
				CLANG_ANALYZER_NONNULL = YES;
				CLANG_ANALYZER_NUMBER_OBJECT_CONVERSION = YES_AGGRESSIVE;
				CLANG_CXX_LANGUAGE_STANDARD = "gnu++14";
				CLANG_CXX_LIBRARY = "libc++";
				CLANG_ENABLE_MODULES = YES;
				CLANG_ENABLE_OBJC_ARC = YES;
				CLANG_ENABLE_OBJC_WEAK = YES;
				CLANG_WARN_BLOCK_CAPTURE_AUTORELEASING = YES;
				CLANG_WARN_BOOL_CONVERSION = YES;
				CLANG_WARN_COMMA = YES;
				CLANG_WARN_CONSTANT_CONVERSION = YES;
				CLANG_WARN_DEPRECATED_OBJC_IMPLEMENTATIONS = YES;
				CLANG_WARN_DIRECT_OBJC_ISA_USAGE = YES_ERROR;
				CLANG_WARN_DOCUMENTATION_COMMENTS = YES;
				CLANG_WARN_EMPTY_BODY = YES;
				CLANG_WARN_ENUM_CONVERSION = YES;
				CLANG_WARN_INFINITE_RECURSION = YES;
				CLANG_WARN_INT_CONVERSION = YES;
				CLANG_WARN_NON_LITERAL_NULL_CONVERSION = YES;
				CLANG_WARN_OBJC_IMPLICIT_RETAIN_SELF = YES;
				CLANG_WARN_OBJC_LITERAL_CONVERSION = YES;
				CLANG_WARN_OBJC_ROOT_CLASS = YES_ERROR;
				CLANG_WARN_RANGE_LOOP_ANALYSIS = YES;
				CLANG_WARN_STRICT_PROTOTYPES = YES;
				CLANG_WARN_SUSPICIOUS_MOVE = YES;
				CLANG_WARN_UNGUARDED_AVAILABILITY = YES_AGGRESSIVE;
				CLANG_WARN_UNREACHABLE_CODE = YES;
				CLANG_WARN__DUPLICATE_METHOD_MATCH = YES;
				CODE_SIGN_IDENTITY = "iPhone Developer";
				COPY_PHASE_STRIP = NO;
				DEBUG_INFORMATION_FORMAT = "dwarf-with-dsym";
				ENABLE_NS_ASSERTIONS = NO;
				ENABLE_STRICT_OBJC_MSGSEND = YES;
				GCC_C_LANGUAGE_STANDARD = gnu11;
				GCC_NO_COMMON_BLOCKS = YES;
				GCC_WARN_64_TO_32_BIT_CONVERSION = YES;
				GCC_WARN_ABOUT_RETURN_TYPE = YES_ERROR;
				GCC_WARN_UNDECLARED_SELECTOR = YES;
				GCC_WARN_UNINITIALIZED_AUTOS = YES_AGGRESSIVE;
				GCC_WARN_UNUSED_FUNCTION = YES;
				GCC_WARN_UNUSED_VARIABLE = YES;
				IPHONEOS_DEPLOYMENT_TARGET = 11.4;
				MTL_ENABLE_DEBUG_INFO = NO;
				MTL_FAST_MATH = YES;
				SDKROOT = iphoneos;
				SWIFT_COMPILATION_MODE = wholemodule;
				SWIFT_OPTIMIZATION_LEVEL = "-O";
				VALIDATE_PRODUCT = YES;
			};
			name = Release;
		};
		132796CF2120D068004CA30B /* Debug */ = {
			isa = XCBuildConfiguration;
			buildSettings = {
				ASSETCATALOG_COMPILER_APPICON_NAME = AppIcon;
				CODE_SIGN_STYLE = Automatic;
				INFOPLIST_FILE = "$(SRCROOT)/ios-coredata-notes/Supporting Files/Info.plist";
				LD_RUNPATH_SEARCH_PATHS = (
					"$(inherited)",
					"@executable_path/Frameworks",
				);
				PRODUCT_BUNDLE_IDENTIFIER = "Conner.Lambda.ios-coredata-notes";
				PRODUCT_NAME = "$(TARGET_NAME)";
				SWIFT_VERSION = 4.2;
				TARGETED_DEVICE_FAMILY = "1,2";
			};
			name = Debug;
		};
		132796D02120D068004CA30B /* Release */ = {
			isa = XCBuildConfiguration;
			buildSettings = {
				ASSETCATALOG_COMPILER_APPICON_NAME = AppIcon;
				CODE_SIGN_STYLE = Automatic;
				INFOPLIST_FILE = "$(SRCROOT)/ios-coredata-notes/Supporting Files/Info.plist";
				LD_RUNPATH_SEARCH_PATHS = (
					"$(inherited)",
					"@executable_path/Frameworks",
				);
				PRODUCT_BUNDLE_IDENTIFIER = "Conner.Lambda.ios-coredata-notes";
				PRODUCT_NAME = "$(TARGET_NAME)";
				SWIFT_VERSION = 4.2;
				TARGETED_DEVICE_FAMILY = "1,2";
			};
			name = Release;
		};
/* End XCBuildConfiguration section */

/* Begin XCConfigurationList section */
		132796B72120D067004CA30B /* Build configuration list for PBXProject "ios-coredata-notes" */ = {
			isa = XCConfigurationList;
			buildConfigurations = (
				132796CC2120D068004CA30B /* Debug */,
				132796CD2120D068004CA30B /* Release */,
			);
			defaultConfigurationIsVisible = 0;
			defaultConfigurationName = Release;
		};
		132796CE2120D068004CA30B /* Build configuration list for PBXNativeTarget "ios-coredata-notes" */ = {
			isa = XCConfigurationList;
			buildConfigurations = (
				132796CF2120D068004CA30B /* Debug */,
				132796D02120D068004CA30B /* Release */,
			);
			defaultConfigurationIsVisible = 0;
			defaultConfigurationName = Release;
		};
/* End XCConfigurationList section */

/* Begin XCVersionGroup section */
		132796DB2120DB40004CA30B /* Notes.xcdatamodeld */ = {
			isa = XCVersionGroup;
			children = (
				132796DC2120DB40004CA30B /* Notes.xcdatamodel */,
			);
			currentVersion = 132796DC2120DB40004CA30B /* Notes.xcdatamodel */;
			path = Notes.xcdatamodeld;
			sourceTree = "<group>";
			versionGroupType = wrapper.xcdatamodel;
		};
/* End XCVersionGroup section */
	};
	rootObject = 132796B42120D067004CA30B /* Project object */;
}
